
Microsoft Visual Studio Solution File, Format Version 12.00
# Visual Studio Version 17
VisualStudioVersion = 17.3.32901.215
MinimumVisualStudioVersion = 10.0.40219.1
Project("{FAE04EC0-301F-11D3-BF4B-00C04F79EFBC}") = "AnimalInheritance", "AnimalInheritance\AnimalInheritance.csproj", "{C73C4F74-465B-4B20-AA82-C1380CD75584}"
EndProject
Global
	GlobalSection(SolutionConfigurationPlatforms) = preSolution
		Debug|Any CPU = Debug|Any CPU
		Release|Any CPU = Release|Any CPU
	EndGlobalSection
	GlobalSection(ProjectConfigurationPlatforms) = postSolution
		{C73C4F74-465B-4B20-AA82-C1380CD75584}.Debug|Any CPU.ActiveCfg = Debug|Any CPU
		{C73C4F74-465B-4B20-AA82-C1380CD75584}.Debug|Any CPU.Build.0 = Debug|Any CPU
		{C73C4F74-465B-4B20-AA82-C1380CD75584}.Release|Any CPU.ActiveCfg = Release|Any CPU
		{C73C4F74-465B-4B20-AA82-C1380CD75584}.Release|Any CPU.Build.0 = Release|Any CPU
	EndGlobalSection
	GlobalSection(SolutionProperties) = preSolution
		HideSolutionNode = FALSE
	EndGlobalSection
	GlobalSection(ExtensibilityGlobals) = postSolution
		SolutionGuid = {F26999C2-3627-4B28-AA36-408B8B85B9AE}
	EndGlobalSection
EndGlobal
