
Microsoft Visual Studio Solution File, Format Version 12.00
# Visual Studio Version 17
VisualStudioVersion = 17.3.32929.385
MinimumVisualStudioVersion = 10.0.40219.1
Project("{FAE04EC0-301F-11D3-BF4B-00C04F79EFBC}") = "DependcyInjection", "DependcyInjection\DependcyInjection.csproj", "{2251E634-3C0F-470B-BBF0-D5BEDCEE4C68}"
EndProject
Global
	GlobalSection(SolutionConfigurationPlatforms) = preSolution
		Debug|Any CPU = Debug|Any CPU
		Release|Any CPU = Release|Any CPU
	EndGlobalSection
	GlobalSection(ProjectConfigurationPlatforms) = postSolution
		{2251E634-3C0F-470B-BBF0-D5BEDCEE4C68}.Debug|Any CPU.ActiveCfg = Debug|Any CPU
		{2251E634-3C0F-470B-BBF0-D5BEDCEE4C68}.Debug|Any CPU.Build.0 = Debug|Any CPU
		{2251E634-3C0F-470B-BBF0-D5BEDCEE4C68}.Release|Any CPU.ActiveCfg = Release|Any CPU
		{2251E634-3C0F-470B-BBF0-D5BEDCEE4C68}.Release|Any CPU.Build.0 = Release|Any CPU
	EndGlobalSection
	GlobalSection(SolutionProperties) = preSolution
		HideSolutionNode = FALSE
	EndGlobalSection
	GlobalSection(ExtensibilityGlobals) = postSolution
		SolutionGuid = {46E2D5F5-DFA9-440A-861D-D0E3B4F63E1C}
	EndGlobalSection
EndGlobal
