
Microsoft Visual Studio Solution File, Format Version 12.00
# Visual Studio Version 17
VisualStudioVersion = 17.3.32929.385
MinimumVisualStudioVersion = 10.0.40219.1
Project("{FAE04EC0-301F-11D3-BF4B-00C04F79EFBC}") = "EntityMovies", "EntityMovies\EntityMovies.csproj", "{54C04555-9206-4C0E-9757-D327DB543FD2}"
EndProject
Global
	GlobalSection(SolutionConfigurationPlatforms) = preSolution
		Debug|Any CPU = Debug|Any CPU
		Release|Any CPU = Release|Any CPU
	EndGlobalSection
	GlobalSection(ProjectConfigurationPlatforms) = postSolution
		{54C04555-9206-4C0E-9757-D327DB543FD2}.Debug|Any CPU.ActiveCfg = Debug|Any CPU
		{54C04555-9206-4C0E-9757-D327DB543FD2}.Debug|Any CPU.Build.0 = Debug|Any CPU
		{54C04555-9206-4C0E-9757-D327DB543FD2}.Release|Any CPU.ActiveCfg = Release|Any CPU
		{54C04555-9206-4C0E-9757-D327DB543FD2}.Release|Any CPU.Build.0 = Release|Any CPU
	EndGlobalSection
	GlobalSection(SolutionProperties) = preSolution
		HideSolutionNode = FALSE
	EndGlobalSection
	GlobalSection(ExtensibilityGlobals) = postSolution
		SolutionGuid = {727D078E-C602-4C40-A26C-4099EBDC3C5F}
	EndGlobalSection
EndGlobal
