
Microsoft Visual Studio Solution File, Format Version 12.00
# Visual Studio Version 17
VisualStudioVersion = 17.0.32014.148
MinimumVisualStudioVersion = 10.0.40219.1
Project("{FAE04EC0-301F-11D3-BF4B-00C04F79EFBC}") = "MockAssessment5", "MockAssessment5\MockAssessment5.csproj", "{22264339-C2C7-485E-8F0A-0CC92BE24AA5}"
EndProject
Global
	GlobalSection(SolutionConfigurationPlatforms) = preSolution
		Debug|Any CPU = Debug|Any CPU
		Release|Any CPU = Release|Any CPU
	EndGlobalSection
	GlobalSection(ProjectConfigurationPlatforms) = postSolution
		{22264339-C2C7-485E-8F0A-0CC92BE24AA5}.Debug|Any CPU.ActiveCfg = Debug|Any CPU
		{22264339-C2C7-485E-8F0A-0CC92BE24AA5}.Debug|Any CPU.Build.0 = Debug|Any CPU
		{22264339-C2C7-485E-8F0A-0CC92BE24AA5}.Release|Any CPU.ActiveCfg = Release|Any CPU
		{22264339-C2C7-485E-8F0A-0CC92BE24AA5}.Release|Any CPU.Build.0 = Release|Any CPU
	EndGlobalSection
	GlobalSection(SolutionProperties) = preSolution
		HideSolutionNode = FALSE
	EndGlobalSection
	GlobalSection(ExtensibilityGlobals) = postSolution
		SolutionGuid = {6D283A04-36A5-430E-8C8B-8603E4BC6FE7}
	EndGlobalSection
EndGlobal
