
Microsoft Visual Studio Solution File, Format Version 12.00
# Visual Studio Version 17
VisualStudioVersion = 17.3.32901.215
MinimumVisualStudioVersion = 10.0.40219.1
Project("{FAE04EC0-301F-11D3-BF4B-00C04F79EFBC}") = "BranchExample", "BranchExample\BranchExample.csproj", "{74B681AF-7BC0-4F46-B601-ED0B8267BB6F}"
EndProject
Global
	GlobalSection(SolutionConfigurationPlatforms) = preSolution
		Debug|Any CPU = Debug|Any CPU
		Release|Any CPU = Release|Any CPU
	EndGlobalSection
	GlobalSection(ProjectConfigurationPlatforms) = postSolution
		{74B681AF-7BC0-4F46-B601-ED0B8267BB6F}.Debug|Any CPU.ActiveCfg = Debug|Any CPU
		{74B681AF-7BC0-4F46-B601-ED0B8267BB6F}.Debug|Any CPU.Build.0 = Debug|Any CPU
		{74B681AF-7BC0-4F46-B601-ED0B8267BB6F}.Release|Any CPU.ActiveCfg = Release|Any CPU
		{74B681AF-7BC0-4F46-B601-ED0B8267BB6F}.Release|Any CPU.Build.0 = Release|Any CPU
	EndGlobalSection
	GlobalSection(SolutionProperties) = preSolution
		HideSolutionNode = FALSE
	EndGlobalSection
	GlobalSection(ExtensibilityGlobals) = postSolution
		SolutionGuid = {2ED8ECFA-DA9A-4AB2-A258-75AE7439F6E3}
	EndGlobalSection
EndGlobal
