
Microsoft Visual Studio Solution File, Format Version 12.00
# Visual Studio Version 17
VisualStudioVersion = 17.3.32929.385
MinimumVisualStudioVersion = 10.0.40219.1
Project("{FAE04EC0-301F-11D3-BF4B-00C04F79EFBC}") = "OpenMovieAPI", "OpenMovieAPI\OpenMovieAPI.csproj", "{20B5F57F-8D00-4B6F-B0C5-252AD83658B7}"
EndProject
Global
	GlobalSection(SolutionConfigurationPlatforms) = preSolution
		Debug|Any CPU = Debug|Any CPU
		Release|Any CPU = Release|Any CPU
	EndGlobalSection
	GlobalSection(ProjectConfigurationPlatforms) = postSolution
		{20B5F57F-8D00-4B6F-B0C5-252AD83658B7}.Debug|Any CPU.ActiveCfg = Debug|Any CPU
		{20B5F57F-8D00-4B6F-B0C5-252AD83658B7}.Debug|Any CPU.Build.0 = Debug|Any CPU
		{20B5F57F-8D00-4B6F-B0C5-252AD83658B7}.Release|Any CPU.ActiveCfg = Release|Any CPU
		{20B5F57F-8D00-4B6F-B0C5-252AD83658B7}.Release|Any CPU.Build.0 = Release|Any CPU
	EndGlobalSection
	GlobalSection(SolutionProperties) = preSolution
		HideSolutionNode = FALSE
	EndGlobalSection
	GlobalSection(ExtensibilityGlobals) = postSolution
		SolutionGuid = {40F82CC7-7B46-4F25-8B90-A165AFECF1B2}
	EndGlobalSection
EndGlobal
