
Microsoft Visual Studio Solution File, Format Version 12.00
# Visual Studio Version 17
VisualStudioVersion = 17.3.32901.215
MinimumVisualStudioVersion = 10.0.40219.1
Project("{FAE04EC0-301F-11D3-BF4B-00C04F79EFBC}") = "AbstractClass", "AbstractClass\AbstractClass.csproj", "{129693DA-4320-4593-9203-47D27EC98266}"
EndProject
Global
	GlobalSection(SolutionConfigurationPlatforms) = preSolution
		Debug|Any CPU = Debug|Any CPU
		Release|Any CPU = Release|Any CPU
	EndGlobalSection
	GlobalSection(ProjectConfigurationPlatforms) = postSolution
		{129693DA-4320-4593-9203-47D27EC98266}.Debug|Any CPU.ActiveCfg = Debug|Any CPU
		{129693DA-4320-4593-9203-47D27EC98266}.Debug|Any CPU.Build.0 = Debug|Any CPU
		{129693DA-4320-4593-9203-47D27EC98266}.Release|Any CPU.ActiveCfg = Release|Any CPU
		{129693DA-4320-4593-9203-47D27EC98266}.Release|Any CPU.Build.0 = Release|Any CPU
	EndGlobalSection
	GlobalSection(SolutionProperties) = preSolution
		HideSolutionNode = FALSE
	EndGlobalSection
	GlobalSection(ExtensibilityGlobals) = postSolution
		SolutionGuid = {69EDF85E-DC73-411B-874D-9493890C9DB9}
	EndGlobalSection
EndGlobal
