
Microsoft Visual Studio Solution File, Format Version 12.00
# Visual Studio Version 17
VisualStudioVersion = 17.3.32901.215
MinimumVisualStudioVersion = 10.0.40219.1
Project("{FAE04EC0-301F-11D3-BF4B-00C04F79EFBC}") = "UsedCarLab", "UsedCarLab\UsedCarLab.csproj", "{B0E9902D-09BC-44D5-9A29-365FB5B4A042}"
EndProject
Global
	GlobalSection(SolutionConfigurationPlatforms) = preSolution
		Debug|Any CPU = Debug|Any CPU
		Release|Any CPU = Release|Any CPU
	EndGlobalSection
	GlobalSection(ProjectConfigurationPlatforms) = postSolution
		{B0E9902D-09BC-44D5-9A29-365FB5B4A042}.Debug|Any CPU.ActiveCfg = Debug|Any CPU
		{B0E9902D-09BC-44D5-9A29-365FB5B4A042}.Debug|Any CPU.Build.0 = Debug|Any CPU
		{B0E9902D-09BC-44D5-9A29-365FB5B4A042}.Release|Any CPU.ActiveCfg = Release|Any CPU
		{B0E9902D-09BC-44D5-9A29-365FB5B4A042}.Release|Any CPU.Build.0 = Release|Any CPU
	EndGlobalSection
	GlobalSection(SolutionProperties) = preSolution
		HideSolutionNode = FALSE
	EndGlobalSection
	GlobalSection(ExtensibilityGlobals) = postSolution
		SolutionGuid = {7C9EAA0E-7F3C-4D04-8288-C5C0BF63C70E}
	EndGlobalSection
EndGlobal
