
Microsoft Visual Studio Solution File, Format Version 12.00
# Visual Studio Version 17
VisualStudioVersion = 17.3.32901.215
MinimumVisualStudioVersion = 10.0.40219.1
Project("{FAE04EC0-301F-11D3-BF4B-00C04F79EFBC}") = "ArraysIntro", "ArraysIntro\ArraysIntro.csproj", "{678D878C-B8F9-45AB-A8DE-E72615C6BDA8}"
EndProject
Global
	GlobalSection(SolutionConfigurationPlatforms) = preSolution
		Debug|Any CPU = Debug|Any CPU
		Release|Any CPU = Release|Any CPU
	EndGlobalSection
	GlobalSection(ProjectConfigurationPlatforms) = postSolution
		{678D878C-B8F9-45AB-A8DE-E72615C6BDA8}.Debug|Any CPU.ActiveCfg = Debug|Any CPU
		{678D878C-B8F9-45AB-A8DE-E72615C6BDA8}.Debug|Any CPU.Build.0 = Debug|Any CPU
		{678D878C-B8F9-45AB-A8DE-E72615C6BDA8}.Release|Any CPU.ActiveCfg = Release|Any CPU
		{678D878C-B8F9-45AB-A8DE-E72615C6BDA8}.Release|Any CPU.Build.0 = Release|Any CPU
	EndGlobalSection
	GlobalSection(SolutionProperties) = preSolution
		HideSolutionNode = FALSE
	EndGlobalSection
	GlobalSection(ExtensibilityGlobals) = postSolution
		SolutionGuid = {151B58FD-2DEA-471C-B395-6F2D75861FE2}
	EndGlobalSection
EndGlobal
