
Microsoft Visual Studio Solution File, Format Version 12.00
# Visual Studio Version 17
VisualStudioVersion = 17.3.32929.385
MinimumVisualStudioVersion = 10.0.40219.1
Project("{FAE04EC0-301F-11D3-BF4B-00C04F79EFBC}") = "DBFirstExample", "DBFirstExample\DBFirstExample.csproj", "{BAFD0B41-C355-487A-A400-BCFA74083009}"
EndProject
Global
	GlobalSection(SolutionConfigurationPlatforms) = preSolution
		Debug|Any CPU = Debug|Any CPU
		Release|Any CPU = Release|Any CPU
	EndGlobalSection
	GlobalSection(ProjectConfigurationPlatforms) = postSolution
		{BAFD0B41-C355-487A-A400-BCFA74083009}.Debug|Any CPU.ActiveCfg = Debug|Any CPU
		{BAFD0B41-C355-487A-A400-BCFA74083009}.Debug|Any CPU.Build.0 = Debug|Any CPU
		{BAFD0B41-C355-487A-A400-BCFA74083009}.Release|Any CPU.ActiveCfg = Release|Any CPU
		{BAFD0B41-C355-487A-A400-BCFA74083009}.Release|Any CPU.Build.0 = Release|Any CPU
	EndGlobalSection
	GlobalSection(SolutionProperties) = preSolution
		HideSolutionNode = FALSE
	EndGlobalSection
	GlobalSection(ExtensibilityGlobals) = postSolution
		SolutionGuid = {DBF0D8F8-3711-4A23-89AA-C3D841E1C5EB}
	EndGlobalSection
EndGlobal
