
Microsoft Visual Studio Solution File, Format Version 12.00
# Visual Studio Version 17
VisualStudioVersion = 17.4.33110.190
MinimumVisualStudioVersion = 10.0.40219.1
Project("{FAE04EC0-301F-11D3-BF4B-00C04F79EFBC}") = "DonutsNDexsBackend", "DonutsNDexsBackend\DonutsNDexsBackend.csproj", "{B6C317D3-BA5F-47B8-B785-16A8CBACE8FC}"
EndProject
Global
	GlobalSection(SolutionConfigurationPlatforms) = preSolution
		Debug|Any CPU = Debug|Any CPU
		Release|Any CPU = Release|Any CPU
	EndGlobalSection
	GlobalSection(ProjectConfigurationPlatforms) = postSolution
		{B6C317D3-BA5F-47B8-B785-16A8CBACE8FC}.Debug|Any CPU.ActiveCfg = Debug|Any CPU
		{B6C317D3-BA5F-47B8-B785-16A8CBACE8FC}.Debug|Any CPU.Build.0 = Debug|Any CPU
		{B6C317D3-BA5F-47B8-B785-16A8CBACE8FC}.Release|Any CPU.ActiveCfg = Release|Any CPU
		{B6C317D3-BA5F-47B8-B785-16A8CBACE8FC}.Release|Any CPU.Build.0 = Release|Any CPU
	EndGlobalSection
	GlobalSection(SolutionProperties) = preSolution
		HideSolutionNode = FALSE
	EndGlobalSection
	GlobalSection(ExtensibilityGlobals) = postSolution
		SolutionGuid = {A376BA74-2792-41D1-B47F-A14C9C004144}
	EndGlobalSection
EndGlobal
