
Microsoft Visual Studio Solution File, Format Version 12.00
# Visual Studio Version 17
VisualStudioVersion = 17.3.32901.215
MinimumVisualStudioVersion = 10.0.40219.1
Project("{FAE04EC0-301F-11D3-BF4B-00C04F79EFBC}") = "ConsoleApp1", "ConsoleApp1\ConsoleApp1.csproj", "{BB5C76F9-A4C4-4426-8C4A-0D80A2404ECC}"
EndProject
Global
	GlobalSection(SolutionConfigurationPlatforms) = preSolution
		Debug|Any CPU = Debug|Any CPU
		Release|Any CPU = Release|Any CPU
	EndGlobalSection
	GlobalSection(ProjectConfigurationPlatforms) = postSolution
		{BB5C76F9-A4C4-4426-8C4A-0D80A2404ECC}.Debug|Any CPU.ActiveCfg = Debug|Any CPU
		{BB5C76F9-A4C4-4426-8C4A-0D80A2404ECC}.Debug|Any CPU.Build.0 = Debug|Any CPU
		{BB5C76F9-A4C4-4426-8C4A-0D80A2404ECC}.Release|Any CPU.ActiveCfg = Release|Any CPU
		{BB5C76F9-A4C4-4426-8C4A-0D80A2404ECC}.Release|Any CPU.Build.0 = Release|Any CPU
	EndGlobalSection
	GlobalSection(SolutionProperties) = preSolution
		HideSolutionNode = FALSE
	EndGlobalSection
	GlobalSection(ExtensibilityGlobals) = postSolution
		SolutionGuid = {F848E29B-01C9-44D4-8EF4-62C7A08F8FCC}
	EndGlobalSection
EndGlobal
