
Microsoft Visual Studio Solution File, Format Version 12.00
# Visual Studio Version 17
VisualStudioVersion = 17.3.32901.215
MinimumVisualStudioVersion = 10.0.40219.1
Project("{FAE04EC0-301F-11D3-BF4B-00C04F79EFBC}") = "ShoppingCartLab", "ShoppingCartLab\ShoppingCartLab.csproj", "{0F1EA65C-CFBC-4742-9C26-058757F76984}"
EndProject
Global
	GlobalSection(SolutionConfigurationPlatforms) = preSolution
		Debug|Any CPU = Debug|Any CPU
		Release|Any CPU = Release|Any CPU
	EndGlobalSection
	GlobalSection(ProjectConfigurationPlatforms) = postSolution
		{0F1EA65C-CFBC-4742-9C26-058757F76984}.Debug|Any CPU.ActiveCfg = Debug|Any CPU
		{0F1EA65C-CFBC-4742-9C26-058757F76984}.Debug|Any CPU.Build.0 = Debug|Any CPU
		{0F1EA65C-CFBC-4742-9C26-058757F76984}.Release|Any CPU.ActiveCfg = Release|Any CPU
		{0F1EA65C-CFBC-4742-9C26-058757F76984}.Release|Any CPU.Build.0 = Release|Any CPU
	EndGlobalSection
	GlobalSection(SolutionProperties) = preSolution
		HideSolutionNode = FALSE
	EndGlobalSection
	GlobalSection(ExtensibilityGlobals) = postSolution
		SolutionGuid = {4B6F40DE-2FA1-45FC-A593-C425AE8C2AAE}
	EndGlobalSection
EndGlobal
