
Microsoft Visual Studio Solution File, Format Version 12.00
# Visual Studio Version 17
VisualStudioVersion = 17.3.32929.385
MinimumVisualStudioVersion = 10.0.40219.1
Project("{FAE04EC0-301F-11D3-BF4B-00C04F79EFBC}") = "HomemadeAPI", "HomemadeAPI\HomemadeAPI.csproj", "{4051D5CC-B0F6-4D12-AC00-6FF92839D485}"
EndProject
Global
	GlobalSection(SolutionConfigurationPlatforms) = preSolution
		Debug|Any CPU = Debug|Any CPU
		Release|Any CPU = Release|Any CPU
	EndGlobalSection
	GlobalSection(ProjectConfigurationPlatforms) = postSolution
		{4051D5CC-B0F6-4D12-AC00-6FF92839D485}.Debug|Any CPU.ActiveCfg = Debug|Any CPU
		{4051D5CC-B0F6-4D12-AC00-6FF92839D485}.Debug|Any CPU.Build.0 = Debug|Any CPU
		{4051D5CC-B0F6-4D12-AC00-6FF92839D485}.Release|Any CPU.ActiveCfg = Release|Any CPU
		{4051D5CC-B0F6-4D12-AC00-6FF92839D485}.Release|Any CPU.Build.0 = Release|Any CPU
	EndGlobalSection
	GlobalSection(SolutionProperties) = preSolution
		HideSolutionNode = FALSE
	EndGlobalSection
	GlobalSection(ExtensibilityGlobals) = postSolution
		SolutionGuid = {207A547C-7C0B-4514-A691-BF26270DD700}
	EndGlobalSection
EndGlobal
