
Microsoft Visual Studio Solution File, Format Version 12.00
# Visual Studio Version 17
VisualStudioVersion = 17.3.32929.385
MinimumVisualStudioVersion = 10.0.40219.1
Project("{FAE04EC0-301F-11D3-BF4B-00C04F79EFBC}") = "MVCCountries", "MVCCountries\MVCCountries.csproj", "{9372862F-FC27-4E40-BBD6-7FD3960F7CD1}"
EndProject
Global
	GlobalSection(SolutionConfigurationPlatforms) = preSolution
		Debug|Any CPU = Debug|Any CPU
		Release|Any CPU = Release|Any CPU
	EndGlobalSection
	GlobalSection(ProjectConfigurationPlatforms) = postSolution
		{9372862F-FC27-4E40-BBD6-7FD3960F7CD1}.Debug|Any CPU.ActiveCfg = Debug|Any CPU
		{9372862F-FC27-4E40-BBD6-7FD3960F7CD1}.Debug|Any CPU.Build.0 = Debug|Any CPU
		{9372862F-FC27-4E40-BBD6-7FD3960F7CD1}.Release|Any CPU.ActiveCfg = Release|Any CPU
		{9372862F-FC27-4E40-BBD6-7FD3960F7CD1}.Release|Any CPU.Build.0 = Release|Any CPU
	EndGlobalSection
	GlobalSection(SolutionProperties) = preSolution
		HideSolutionNode = FALSE
	EndGlobalSection
	GlobalSection(ExtensibilityGlobals) = postSolution
		SolutionGuid = {0678E81B-6874-4365-9C53-D1C975E35B2D}
	EndGlobalSection
EndGlobal
