
Microsoft Visual Studio Solution File, Format Version 12.00
# Visual Studio Version 17
VisualStudioVersion = 17.3.32901.215
MinimumVisualStudioVersion = 10.0.40219.1
Project("{FAE04EC0-301F-11D3-BF4B-00C04F79EFBC}") = "Params", "Params\Params.csproj", "{D0BC2163-E25A-4894-A429-8263F9B31CDC}"
EndProject
Global
	GlobalSection(SolutionConfigurationPlatforms) = preSolution
		Debug|Any CPU = Debug|Any CPU
		Release|Any CPU = Release|Any CPU
	EndGlobalSection
	GlobalSection(ProjectConfigurationPlatforms) = postSolution
		{D0BC2163-E25A-4894-A429-8263F9B31CDC}.Debug|Any CPU.ActiveCfg = Debug|Any CPU
		{D0BC2163-E25A-4894-A429-8263F9B31CDC}.Debug|Any CPU.Build.0 = Debug|Any CPU
		{D0BC2163-E25A-4894-A429-8263F9B31CDC}.Release|Any CPU.ActiveCfg = Release|Any CPU
		{D0BC2163-E25A-4894-A429-8263F9B31CDC}.Release|Any CPU.Build.0 = Release|Any CPU
	EndGlobalSection
	GlobalSection(SolutionProperties) = preSolution
		HideSolutionNode = FALSE
	EndGlobalSection
	GlobalSection(ExtensibilityGlobals) = postSolution
		SolutionGuid = {29D2DD6B-FE77-4657-A470-AB3ACC7811D1}
	EndGlobalSection
EndGlobal
