
Microsoft Visual Studio Solution File, Format Version 12.00
# Visual Studio Version 17
VisualStudioVersion = 17.3.32929.385
MinimumVisualStudioVersion = 10.0.40219.1
Project("{FAE04EC0-301F-11D3-BF4B-00C04F79EFBC}") = "Exercise42to44", "Exercise42to44\Exercise42to44.csproj", "{DB9A36CF-0759-4382-AC81-D204A0B5F228}"
EndProject
Global
	GlobalSection(SolutionConfigurationPlatforms) = preSolution
		Debug|Any CPU = Debug|Any CPU
		Release|Any CPU = Release|Any CPU
	EndGlobalSection
	GlobalSection(ProjectConfigurationPlatforms) = postSolution
		{DB9A36CF-0759-4382-AC81-D204A0B5F228}.Debug|Any CPU.ActiveCfg = Debug|Any CPU
		{DB9A36CF-0759-4382-AC81-D204A0B5F228}.Debug|Any CPU.Build.0 = Debug|Any CPU
		{DB9A36CF-0759-4382-AC81-D204A0B5F228}.Release|Any CPU.ActiveCfg = Release|Any CPU
		{DB9A36CF-0759-4382-AC81-D204A0B5F228}.Release|Any CPU.Build.0 = Release|Any CPU
	EndGlobalSection
	GlobalSection(SolutionProperties) = preSolution
		HideSolutionNode = FALSE
	EndGlobalSection
	GlobalSection(ExtensibilityGlobals) = postSolution
		SolutionGuid = {F9B23D07-2A1F-47DD-BFA5-34F9135C558D}
	EndGlobalSection
EndGlobal
