
Microsoft Visual Studio Solution File, Format Version 12.00
# Visual Studio Version 17
VisualStudioVersion = 17.3.32901.215
MinimumVisualStudioVersion = 10.0.40219.1
Project("{FAE04EC0-301F-11D3-BF4B-00C04F79EFBC}") = "LinqExample", "LinqExample\LinqExample.csproj", "{2ABCE48E-4B49-4903-9578-AF1206DAEE2C}"
EndProject
Global
	GlobalSection(SolutionConfigurationPlatforms) = preSolution
		Debug|Any CPU = Debug|Any CPU
		Release|Any CPU = Release|Any CPU
	EndGlobalSection
	GlobalSection(ProjectConfigurationPlatforms) = postSolution
		{2ABCE48E-4B49-4903-9578-AF1206DAEE2C}.Debug|Any CPU.ActiveCfg = Debug|Any CPU
		{2ABCE48E-4B49-4903-9578-AF1206DAEE2C}.Debug|Any CPU.Build.0 = Debug|Any CPU
		{2ABCE48E-4B49-4903-9578-AF1206DAEE2C}.Release|Any CPU.ActiveCfg = Release|Any CPU
		{2ABCE48E-4B49-4903-9578-AF1206DAEE2C}.Release|Any CPU.Build.0 = Release|Any CPU
	EndGlobalSection
	GlobalSection(SolutionProperties) = preSolution
		HideSolutionNode = FALSE
	EndGlobalSection
	GlobalSection(ExtensibilityGlobals) = postSolution
		SolutionGuid = {A2369FEA-7BF6-4802-B44B-19CBEF24934A}
	EndGlobalSection
EndGlobal
