
Microsoft Visual Studio Solution File, Format Version 12.00
# Visual Studio Version 17
VisualStudioVersion = 17.3.32901.215
MinimumVisualStudioVersion = 10.0.40219.1
Project("{FAE04EC0-301F-11D3-BF4B-00C04F79EFBC}") = "ListExample", "ListExample\ListExample.csproj", "{21C45252-4F47-4E95-931E-F3A583B2BAA8}"
EndProject
Global
	GlobalSection(SolutionConfigurationPlatforms) = preSolution
		Debug|Any CPU = Debug|Any CPU
		Release|Any CPU = Release|Any CPU
	EndGlobalSection
	GlobalSection(ProjectConfigurationPlatforms) = postSolution
		{21C45252-4F47-4E95-931E-F3A583B2BAA8}.Debug|Any CPU.ActiveCfg = Debug|Any CPU
		{21C45252-4F47-4E95-931E-F3A583B2BAA8}.Debug|Any CPU.Build.0 = Debug|Any CPU
		{21C45252-4F47-4E95-931E-F3A583B2BAA8}.Release|Any CPU.ActiveCfg = Release|Any CPU
		{21C45252-4F47-4E95-931E-F3A583B2BAA8}.Release|Any CPU.Build.0 = Release|Any CPU
	EndGlobalSection
	GlobalSection(SolutionProperties) = preSolution
		HideSolutionNode = FALSE
	EndGlobalSection
	GlobalSection(ExtensibilityGlobals) = postSolution
		SolutionGuid = {D66459A8-B098-4ADB-A849-8C7A6BFF796D}
	EndGlobalSection
EndGlobal
