
Microsoft Visual Studio Solution File, Format Version 12.00
# Visual Studio Version 17
VisualStudioVersion = 17.4.33110.190
MinimumVisualStudioVersion = 10.0.40219.1
Project("{FAE04EC0-301F-11D3-BF4B-00C04F79EFBC}") = "test", "test\test.csproj", "{23E11C40-57E8-473C-8EEA-E330B1D87226}"
EndProject
Global
	GlobalSection(SolutionConfigurationPlatforms) = preSolution
		Debug|Any CPU = Debug|Any CPU
		Release|Any CPU = Release|Any CPU
	EndGlobalSection
	GlobalSection(ProjectConfigurationPlatforms) = postSolution
		{23E11C40-57E8-473C-8EEA-E330B1D87226}.Debug|Any CPU.ActiveCfg = Debug|Any CPU
		{23E11C40-57E8-473C-8EEA-E330B1D87226}.Debug|Any CPU.Build.0 = Debug|Any CPU
		{23E11C40-57E8-473C-8EEA-E330B1D87226}.Release|Any CPU.ActiveCfg = Release|Any CPU
		{23E11C40-57E8-473C-8EEA-E330B1D87226}.Release|Any CPU.Build.0 = Release|Any CPU
	EndGlobalSection
	GlobalSection(SolutionProperties) = preSolution
		HideSolutionNode = FALSE
	EndGlobalSection
	GlobalSection(ExtensibilityGlobals) = postSolution
		SolutionGuid = {DE9930EA-E47C-4854-9ADE-09DAD40F76A1}
	EndGlobalSection
EndGlobal
