
Microsoft Visual Studio Solution File, Format Version 12.00
# Visual Studio Version 17
VisualStudioVersion = 17.3.32901.215
MinimumVisualStudioVersion = 10.0.40219.1
Project("{FAE04EC0-301F-11D3-BF4B-00C04F79EFBC}") = "BlockBuster", "BlockBuster.csproj", "{0598F9A1-5203-472A-B9CB-CCC37E4BE4A1}"
EndProject
Global
	GlobalSection(SolutionConfigurationPlatforms) = preSolution
		Debug|Any CPU = Debug|Any CPU
		Release|Any CPU = Release|Any CPU
	EndGlobalSection
	GlobalSection(ProjectConfigurationPlatforms) = postSolution
		{0598F9A1-5203-472A-B9CB-CCC37E4BE4A1}.Debug|Any CPU.ActiveCfg = Debug|Any CPU
		{0598F9A1-5203-472A-B9CB-CCC37E4BE4A1}.Debug|Any CPU.Build.0 = Debug|Any CPU
		{0598F9A1-5203-472A-B9CB-CCC37E4BE4A1}.Release|Any CPU.ActiveCfg = Release|Any CPU
		{0598F9A1-5203-472A-B9CB-CCC37E4BE4A1}.Release|Any CPU.Build.0 = Release|Any CPU
	EndGlobalSection
	GlobalSection(SolutionProperties) = preSolution
		HideSolutionNode = FALSE
	EndGlobalSection
	GlobalSection(ExtensibilityGlobals) = postSolution
		SolutionGuid = {ABF020DD-955D-4A9D-97F7-BE1419AC64CA}
	EndGlobalSection
EndGlobal
